// !$*UTF8*$!
{
	archiveVersion = 1;
	classes = {
	};
	objectVersion = 56;
	objects = {

/* Begin PBXBuildFile section */
		9300D9DD2BF694150077D6F1 /* RepCounterApp.swift in Sources */ = {isa = PBXBuildFile; fileRef = 9300D9DC2BF694150077D6F1 /* RepCounterApp.swift */; };
		9300D9DF2BF694150077D6F1 /* ContentView.swift in Sources */ = {isa = PBXBuildFile; fileRef = 9300D9DE2BF694150077D6F1 /* ContentView.swift */; };
		9300D9E12BF694150077D6F1 /* Assets.xcassets in Resources */ = {isa = PBXBuildFile; fileRef = 9300D9E02BF694150077D6F1 /* Assets.xcassets */; };
		9300D9E42BF694150077D6F1 /* Preview Assets.xcassets in Resources */ = {isa = PBXBuildFile; fileRef = 9300D9E32BF694150077D6F1 /* Preview Assets.xcassets */; };
		9300D9EE2BF694160077D6F1 /* RepCounterTests.swift in Sources */ = {isa = PBXBuildFile; fileRef = 9300D9ED2BF694160077D6F1 /* RepCounterTests.swift */; };
		9300D9F82BF694160077D6F1 /* RepCounterUITests.swift in Sources */ = {isa = PBXBuildFile; fileRef = 9300D9F72BF694160077D6F1 /* RepCounterUITests.swift */; };
		9300D9FA2BF694160077D6F1 /* RepCounterUITestsLaunchTests.swift in Sources */ = {isa = PBXBuildFile; fileRef = 9300D9F92BF694160077D6F1 /* RepCounterUITestsLaunchTests.swift */; };
/* End PBXBuildFile section */

/* Begin PBXContainerItemProxy section */
		9300D9EA2BF694160077D6F1 /* PBXContainerItemProxy */ = {
			isa = PBXContainerItemProxy;
			containerPortal = 9300D9D12BF694150077D6F1 /* Project object */;
			proxyType = 1;
			remoteGlobalIDString = 9300D9D82BF694150077D6F1;
			remoteInfo = RepCounter;
		};
		9300D9F42BF694160077D6F1 /* PBXContainerItemProxy */ = {
			isa = PBXContainerItemProxy;
			containerPortal = 9300D9D12BF694150077D6F1 /* Project object */;
			proxyType = 1;
			remoteGlobalIDString = 9300D9D82BF694150077D6F1;
			remoteInfo = RepCounter;
		};
/* End PBXContainerItemProxy section */

/* Begin PBXFileReference section */
		9300D9D92BF694150077D6F1 /* RepCounter.app */ = {isa = PBXFileReference; explicitFileType = wrapper.application; includeInIndex = 0; path = RepCounter.app; sourceTree = BUILT_PRODUCTS_DIR; };
		9300D9DC2BF694150077D6F1 /* RepCounterApp.swift */ = {isa = PBXFileReference; lastKnownFileType = sourcecode.swift; path = RepCounterApp.swift; sourceTree = "<group>"; };
		9300D9DE2BF694150077D6F1 /* ContentView.swift */ = {isa = PBXFileReference; lastKnownFileType = sourcecode.swift; path = ContentView.swift; sourceTree = "<group>"; };
		9300D9E02BF694150077D6F1 /* Assets.xcassets */ = {isa = PBXFileReference; lastKnownFileType = folder.assetcatalog; path = Assets.xcassets; sourceTree = "<group>"; };
		9300D9E32BF694150077D6F1 /* Preview Assets.xcassets */ = {isa = PBXFileReference; lastKnownFileType = folder.assetcatalog; path = "Preview Assets.xcassets"; sourceTree = "<group>"; };
		9300D9E92BF694160077D6F1 /* RepCounterTests.xctest */ = {isa = PBXFileReference; explicitFileType = wrapper.cfbundle; includeInIndex = 0; path = RepCounterTests.xctest; sourceTree = BUILT_PRODUCTS_DIR; };
		9300D9ED2BF694160077D6F1 /* RepCounterTests.swift */ = {isa = PBXFileReference; lastKnownFileType = sourcecode.swift; path = RepCounterTests.swift; sourceTree = "<group>"; };
		9300D9F32BF694160077D6F1 /* RepCounterUITests.xctest */ = {isa = PBXFileReference; explicitFileType = wrapper.cfbundle; includeInIndex = 0; path = RepCounterUITests.xctest; sourceTree = BUILT_PRODUCTS_DIR; };
		9300D9F72BF694160077D6F1 /* RepCounterUITests.swift */ = {isa = PBXFileReference; lastKnownFileType = sourcecode.swift; path = RepCounterUITests.swift; sourceTree = "<group>"; };
		9300D9F92BF694160077D6F1 /* RepCounterUITestsLaunchTests.swift */ = {isa = PBXFileReference; lastKnownFileType = sourcecode.swift; path = RepCounterUITestsLaunchTests.swift; sourceTree = "<group>"; };
/* End PBXFileReference section */

/* Begin PBXFrameworksBuildPhase section */
		9300D9D62BF694150077D6F1 /* Frameworks */ = {
			isa = PBXFrameworksBuildPhase;
			buildActionMask = 2147483647;
			files = (
			);
			runOnlyForDeploymentPostprocessing = 0;
		};
		9300D9E62BF694160077D6F1 /* Frameworks */ = {
			isa = PBXFrameworksBuildPhase;
			buildActionMask = 2147483647;
			files = (
			);
			runOnlyForDeploymentPostprocessing = 0;
		};
		9300D9F02BF694160077D6F1 /* Frameworks */ = {
			isa = PBXFrameworksBuildPhase;
			buildActionMask = 2147483647;
			files = (
			);
			runOnlyForDeploymentPostprocessing = 0;
		};
/* End PBXFrameworksBuildPhase section */

/* Begin PBXGroup section */
		9300D9D02BF694150077D6F1 = {
			isa = PBXGroup;
			children = (
				9300D9DB2BF694150077D6F1 /* RepCounter */,
				9300D9EC2BF694160077D6F1 /* RepCounterTests */,
				9300D9F62BF694160077D6F1 /* RepCounterUITests */,
				9300D9DA2BF694150077D6F1 /* Products */,
			);
			sourceTree = "<group>";
		};
		9300D9DA2BF694150077D6F1 /* Products */ = {
			isa = PBXGroup;
			children = (
				9300D9D92BF694150077D6F1 /* RepCounter.app */,
				9300D9E92BF694160077D6F1 /* RepCounterTests.xctest */,
				9300D9F32BF694160077D6F1 /* RepCounterUITests.xctest */,
			);
			name = Products;
			sourceTree = "<group>";
		};
		9300D9DB2BF694150077D6F1 /* RepCounter */ = {
			isa = PBXGroup;
			children = (
				9300D9DC2BF694150077D6F1 /* RepCounterApp.swift */,
				9300D9DE2BF694150077D6F1 /* ContentView.swift */,
				9300D9E02BF694150077D6F1 /* Assets.xcassets */,
				9300D9E22BF694150077D6F1 /* Preview Content */,
			);
			path = RepCounter;
			sourceTree = "<group>";
		};
		9300D9E22BF694150077D6F1 /* Preview Content */ = {
			isa = PBXGroup;
			children = (
				9300D9E32BF694150077D6F1 /* Preview Assets.xcassets */,
			);
			path = "Preview Content";
			sourceTree = "<group>";
		};
		9300D9EC2BF694160077D6F1 /* RepCounterTests */ = {
			isa = PBXGroup;
			children = (
				9300D9ED2BF694160077D6F1 /* RepCounterTests.swift */,
			);
			path = RepCounterTests;
			sourceTree = "<group>";
		};
		9300D9F62BF694160077D6F1 /* RepCounterUITests */ = {
			isa = PBXGroup;
			children = (
				9300D9F72BF694160077D6F1 /* RepCounterUITests.swift */,
				9300D9F92BF694160077D6F1 /* RepCounterUITestsLaunchTests.swift */,
			);
			path = RepCounterUITests;
			sourceTree = "<group>";
		};
/* End PBXGroup section */

/* Begin PBXNativeTarget section */
		9300D9D82BF694150077D6F1 /* RepCounter */ = {
			isa = PBXNativeTarget;
			buildConfigurationList = 9300D9FD2BF694160077D6F1 /* Build configuration list for PBXNativeTarget "RepCounter" */;
			buildPhases = (
				9300D9D52BF694150077D6F1 /* Sources */,
				9300D9D62BF694150077D6F1 /* Frameworks */,
				9300D9D72BF694150077D6F1 /* Resources */,
			);
			buildRules = (
			);
			dependencies = (
			);
			name = RepCounter;
			productName = RepCounter;
			productReference = 9300D9D92BF694150077D6F1 /* RepCounter.app */;
			productType = "com.apple.product-type.application";
		};
		9300D9E82BF694160077D6F1 /* RepCounterTests */ = {
			isa = PBXNativeTarget;
			buildConfigurationList = 9300DA002BF694160077D6F1 /* Build configuration list for PBXNativeTarget "RepCounterTests" */;
			buildPhases = (
				9300D9E52BF694160077D6F1 /* Sources */,
				9300D9E62BF694160077D6F1 /* Frameworks */,
				9300D9E72BF694160077D6F1 /* Resources */,
			);
			buildRules = (
			);
			dependencies = (
				9300D9EB2BF694160077D6F1 /* PBXTargetDependency */,
			);
			name = RepCounterTests;
			productName = RepCounterTests;
			productReference = 9300D9E92BF694160077D6F1 /* RepCounterTests.xctest */;
			productType = "com.apple.product-type.bundle.unit-test";
		};
		9300D9F22BF694160077D6F1 /* RepCounterUITests */ = {
			isa = PBXNativeTarget;
			buildConfigurationList = 9300DA032BF694160077D6F1 /* Build configuration list for PBXNativeTarget "RepCounterUITests" */;
			buildPhases = (
				9300D9EF2BF694160077D6F1 /* Sources */,
				9300D9F02BF694160077D6F1 /* Frameworks */,
				9300D9F12BF694160077D6F1 /* Resources */,
			);
			buildRules = (
			);
			dependencies = (
				9300D9F52BF694160077D6F1 /* PBXTargetDependency */,
			);
			name = RepCounterUITests;
			productName = RepCounterUITests;
			productReference = 9300D9F32BF694160077D6F1 /* RepCounterUITests.xctest */;
			productType = "com.apple.product-type.bundle.ui-testing";
		};
/* End PBXNativeTarget section */

/* Begin PBXProject section */
		9300D9D12BF694150077D6F1 /* Project object */ = {
			isa = PBXProject;
			attributes = {
				BuildIndependentTargetsInParallel = 1;
				LastSwiftUpdateCheck = 1540;
				LastUpgradeCheck = 1540;
				TargetAttributes = {
					9300D9D82BF694150077D6F1 = {
						CreatedOnToolsVersion = 15.4;
					};
					9300D9E82BF694160077D6F1 = {
						CreatedOnToolsVersion = 15.4;
						TestTargetID = 9300D9D82BF694150077D6F1;
					};
					9300D9F22BF694160077D6F1 = {
						CreatedOnToolsVersion = 15.4;
						TestTargetID = 9300D9D82BF694150077D6F1;
					};
				};
			};
			buildConfigurationList = 9300D9D42BF694150077D6F1 /* Build configuration list for PBXProject "RepCounter" */;
			compatibilityVersion = "Xcode 14.0";
			developmentRegion = en;
			hasScannedForEncodings = 0;
			knownRegions = (
				en,
				Base,
			);
			mainGroup = 9300D9D02BF694150077D6F1;
			productRefGroup = 9300D9DA2BF694150077D6F1 /* Products */;
			projectDirPath = "";
			projectRoot = "";
			targets = (
				9300D9D82BF694150077D6F1 /* RepCounter */,
				9300D9E82BF694160077D6F1 /* RepCounterTests */,
				9300D9F22BF694160077D6F1 /* RepCounterUITests */,
			);
		};
/* End PBXProject section */

/* Begin PBXResourcesBuildPhase section */
		9300D9D72BF694150077D6F1 /* Resources */ = {
			isa = PBXResourcesBuildPhase;
			buildActionMask = 2147483647;
			files = (
				9300D9E42BF694150077D6F1 /* Preview Assets.xcassets in Resources */,
				9300D9E12BF694150077D6F1 /* Assets.xcassets in Resources */,
			);
			runOnlyForDeploymentPostprocessing = 0;
		};
		9300D9E72BF694160077D6F1 /* Resources */ = {
			isa = PBXResourcesBuildPhase;
			buildActionMask = 2147483647;
			files = (
			);
			runOnlyForDeploymentPostprocessing = 0;
		};
		9300D9F12BF694160077D6F1 /* Resources */ = {
			isa = PBXResourcesBuildPhase;
			buildActionMask = 2147483647;
			files = (
			);
			runOnlyForDeploymentPostprocessing = 0;
		};
/* End PBXResourcesBuildPhase section */

/* Begin PBXSourcesBuildPhase section */
		9300D9D52BF694150077D6F1 /* Sources */ = {
			isa = PBXSourcesBuildPhase;
			buildActionMask = 2147483647;
			files = (
				9300D9DF2BF694150077D6F1 /* ContentView.swift in Sources */,
				9300D9DD2BF694150077D6F1 /* RepCounterApp.swift in Sources */,
			);
			runOnlyForDeploymentPostprocessing = 0;
		};
		9300D9E52BF694160077D6F1 /* Sources */ = {
			isa = PBXSourcesBuildPhase;
			buildActionMask = 2147483647;
			files = (
				9300D9EE2BF694160077D6F1 /* RepCounterTests.swift in Sources */,
			);
			runOnlyForDeploymentPostprocessing = 0;
		};
		9300D9EF2BF694160077D6F1 /* Sources */ = {
			isa = PBXSourcesBuildPhase;
			buildActionMask = 2147483647;
			files = (
				9300D9F82BF694160077D6F1 /* RepCounterUITests.swift in Sources */,
				9300D9FA2BF694160077D6F1 /* RepCounterUITestsLaunchTests.swift in Sources */,
			);
			runOnlyForDeploymentPostprocessing = 0;
		};
/* End PBXSourcesBuildPhase section */

/* Begin PBXTargetDependency section */
		9300D9EB2BF694160077D6F1 /* PBXTargetDependency */ = {
			isa = PBXTargetDependency;
			target = 9300D9D82BF694150077D6F1 /* RepCounter */;
			targetProxy = 9300D9EA2BF694160077D6F1 /* PBXContainerItemProxy */;
		};
		9300D9F52BF694160077D6F1 /* PBXTargetDependency */ = {
			isa = PBXTargetDependency;
			target = 9300D9D82BF694150077D6F1 /* RepCounter */;
			targetProxy = 9300D9F42BF694160077D6F1 /* PBXContainerItemProxy */;
		};
/* End PBXTargetDependency section */

/* Begin XCBuildConfiguration section */
		9300D9FB2BF694160077D6F1 /* Debug */ = {
			isa = XCBuildConfiguration;
			buildSettings = {
				ALWAYS_SEARCH_USER_PATHS = NO;
				ASSETCATALOG_COMPILER_GENERATE_SWIFT_ASSET_SYMBOL_EXTENSIONS = YES;
				CLANG_ANALYZER_NONNULL = YES;
				CLANG_ANALYZER_NUMBER_OBJECT_CONVERSION = YES_AGGRESSIVE;
				CLANG_CXX_LANGUAGE_STANDARD = "gnu++20";
				CLANG_ENABLE_MODULES = YES;
				CLANG_ENABLE_OBJC_ARC = YES;
				CLANG_ENABLE_OBJC_WEAK = YES;
				CLANG_WARN_BLOCK_CAPTURE_AUTORELEASING = YES;
				CLANG_WARN_BOOL_CONVERSION = YES;
				CLANG_WARN_COMMA = YES;
				CLANG_WARN_CONSTANT_CONVERSION = YES;
				CLANG_WARN_DEPRECATED_OBJC_IMPLEMENTATIONS = YES;
				CLANG_WARN_DIRECT_OBJC_ISA_USAGE = YES_ERROR;
				CLANG_WARN_DOCUMENTATION_COMMENTS = YES;
				CLANG_WARN_EMPTY_BODY = YES;
				CLANG_WARN_ENUM_CONVERSION = YES;
				CLANG_WARN_INFINITE_RECURSION = YES;
				CLANG_WARN_INT_CONVERSION = YES;
				CLANG_WARN_NON_LITERAL_NULL_CONVERSION = YES;
				CLANG_WARN_OBJC_IMPLICIT_RETAIN_SELF = YES;
				CLANG_WARN_OBJC_LITERAL_CONVERSION = YES;
				CLANG_WARN_OBJC_ROOT_CLASS = YES_ERROR;
				CLANG_WARN_QUOTED_INCLUDE_IN_FRAMEWORK_HEADER = YES;
				CLANG_WARN_RANGE_LOOP_ANALYSIS = YES;
				CLANG_WARN_STRICT_PROTOTYPES = YES;
				CLANG_WARN_SUSPICIOUS_MOVE = YES;
				CLANG_WARN_UNGUARDED_AVAILABILITY = YES_AGGRESSIVE;
				CLANG_WARN_UNREACHABLE_CODE = YES;
				CLANG_WARN__DUPLICATE_METHOD_MATCH = YES;
				COPY_PHASE_STRIP = NO;
				DEBUG_INFORMATION_FORMAT = dwarf;
				ENABLE_STRICT_OBJC_MSGSEND = YES;
				ENABLE_TESTABILITY = YES;
				ENABLE_USER_SCRIPT_SANDBOXING = YES;
				GCC_C_LANGUAGE_STANDARD = gnu17;
				GCC_DYNAMIC_NO_PIC = NO;
				GCC_NO_COMMON_BLOCKS = YES;
				GCC_OPTIMIZATION_LEVEL = 0;
				GCC_PREPROCESSOR_DEFINITIONS = (
					"DEBUG=1",
					"$(inherited)",
				);
				GCC_WARN_64_TO_32_BIT_CONVERSION = YES;
				GCC_WARN_ABOUT_RETURN_TYPE = YES_ERROR;
				GCC_WARN_UNDECLARED_SELECTOR = YES;
				GCC_WARN_UNINITIALIZED_AUTOS = YES_AGGRESSIVE;
				GCC_WARN_UNUSED_FUNCTION = YES;
				GCC_WARN_UNUSED_VARIABLE = YES;
				IPHONEOS_DEPLOYMENT_TARGET = 17.5;
				LOCALIZATION_PREFERS_STRING_CATALOGS = YES;
				MTL_ENABLE_DEBUG_INFO = INCLUDE_SOURCE;
				MTL_FAST_MATH = YES;
				ONLY_ACTIVE_ARCH = YES;
				SDKROOT = iphoneos;
				SWIFT_ACTIVE_COMPILATION_CONDITIONS = "DEBUG $(inherited)";
				SWIFT_OPTIMIZATION_LEVEL = "-Onone";
			};
			name = Debug;
		};
		9300D9FC2BF694160077D6F1 /* Release */ = {
			isa = XCBuildConfiguration;
			buildSettings = {
				ALWAYS_SEARCH_USER_PATHS = NO;
				ASSETCATALOG_COMPILER_GENERATE_SWIFT_ASSET_SYMBOL_EXTENSIONS = YES;
				CLANG_ANALYZER_NONNULL = YES;
				CLANG_ANALYZER_NUMBER_OBJECT_CONVERSION = YES_AGGRESSIVE;
				CLANG_CXX_LANGUAGE_STANDARD = "gnu++20";
				CLANG_ENABLE_MODULES = YES;
				CLANG_ENABLE_OBJC_ARC = YES;
				CLANG_ENABLE_OBJC_WEAK = YES;
				CLANG_WARN_BLOCK_CAPTURE_AUTORELEASING = YES;
				CLANG_WARN_BOOL_CONVERSION = YES;
				CLANG_WARN_COMMA = YES;
				CLANG_WARN_CONSTANT_CONVERSION = YES;
				CLANG_WARN_DEPRECATED_OBJC_IMPLEMENTATIONS = YES;
				CLANG_WARN_DIRECT_OBJC_ISA_USAGE = YES_ERROR;
				CLANG_WARN_DOCUMENTATION_COMMENTS = YES;
				CLANG_WARN_EMPTY_BODY = YES;
				CLANG_WARN_ENUM_CONVERSION = YES;
				CLANG_WARN_INFINITE_RECURSION = YES;
				CLANG_WARN_INT_CONVERSION = YES;
				CLANG_WARN_NON_LITERAL_NULL_CONVERSION = YES;
				CLANG_WARN_OBJC_IMPLICIT_RETAIN_SELF = YES;
				CLANG_WARN_OBJC_LITERAL_CONVERSION = YES;
				CLANG_WARN_OBJC_ROOT_CLASS = YES_ERROR;
				CLANG_WARN_QUOTED_INCLUDE_IN_FRAMEWORK_HEADER = YES;
				CLANG_WARN_RANGE_LOOP_ANALYSIS = YES;
				CLANG_WARN_STRICT_PROTOTYPES = YES;
				CLANG_WARN_SUSPICIOUS_MOVE = YES;
				CLANG_WARN_UNGUARDED_AVAILABILITY = YES_AGGRESSIVE;
				CLANG_WARN_UNREACHABLE_CODE = YES;
				CLANG_WARN__DUPLICATE_METHOD_MATCH = YES;
				COPY_PHASE_STRIP = NO;
				DEBUG_INFORMATION_FORMAT = "dwarf-with-dsym";
				ENABLE_NS_ASSERTIONS = NO;
				ENABLE_STRICT_OBJC_MSGSEND = YES;
				ENABLE_USER_SCRIPT_SANDBOXING = YES;
				GCC_C_LANGUAGE_STANDARD = gnu17;
				GCC_NO_COMMON_BLOCKS = YES;
				GCC_WARN_64_TO_32_BIT_CONVERSION = YES;
				GCC_WARN_ABOUT_RETURN_TYPE = YES_ERROR;
				GCC_WARN_UNDECLARED_SELECTOR = YES;
				GCC_WARN_UNINITIALIZED_AUTOS = YES_AGGRESSIVE;
				GCC_WARN_UNUSED_FUNCTION = YES;
				GCC_WARN_UNUSED_VARIABLE = YES;
				IPHONEOS_DEPLOYMENT_TARGET = 17.5;
				LOCALIZATION_PREFERS_STRING_CATALOGS = YES;
				MTL_ENABLE_DEBUG_INFO = NO;
				MTL_FAST_MATH = YES;
				SDKROOT = iphoneos;
				SWIFT_COMPILATION_MODE = wholemodule;
				VALIDATE_PRODUCT = YES;
			};
			name = Release;
		};
		9300D9FE2BF694160077D6F1 /* Debug */ = {
			isa = XCBuildConfiguration;
			buildSettings = {
				ASSETCATALOG_COMPILER_APPICON_NAME = AppIcon;
				ASSETCATALOG_COMPILER_GLOBAL_ACCENT_COLOR_NAME = AccentColor;
				CODE_SIGN_STYLE = Automatic;
				CURRENT_PROJECT_VERSION = 1;
				DEVELOPMENT_ASSET_PATHS = "\"RepCounter/Preview Content\"";
				DEVELOPMENT_TEAM = LC7T6T22MQ;
				ENABLE_PREVIEWS = YES;
				GENERATE_INFOPLIST_FILE = YES;
				INFOPLIST_KEY_UIApplicationSceneManifest_Generation = YES;
				INFOPLIST_KEY_UIApplicationSupportsIndirectInputEvents = YES;
				INFOPLIST_KEY_UILaunchScreen_Generation = YES;
				INFOPLIST_KEY_UISupportedInterfaceOrientations_iPad = "UIInterfaceOrientationPortrait UIInterfaceOrientationPortraitUpsideDown UIInterfaceOrientationLandscapeLeft UIInterfaceOrientationLandscapeRight";
				INFOPLIST_KEY_UISupportedInterfaceOrientations_iPhone = "UIInterfaceOrientationPortrait UIInterfaceOrientationLandscapeLeft UIInterfaceOrientationLandscapeRight";
				LD_RUNPATH_SEARCH_PATHS = (
					"$(inherited)",
					"@executable_path/Frameworks",
				);
				MARKETING_VERSION = 1.0;
				PRODUCT_BUNDLE_IDENTIFIER = com.daniel.RepCounter;
				PRODUCT_NAME = "$(TARGET_NAME)";
				SWIFT_EMIT_LOC_STRINGS = YES;
				SWIFT_VERSION = 5.0;
				TARGETED_DEVICE_FAMILY = "1,2";
			};
			name = Debug;
		};
		9300D9FF2BF694160077D6F1 /* Release */ = {
			isa = XCBuildConfiguration;
			buildSettings = {
				ASSETCATALOG_COMPILER_APPICON_NAME = AppIcon;
				ASSETCATALOG_COMPILER_GLOBAL_ACCENT_COLOR_NAME = AccentColor;
				CODE_SIGN_STYLE = Automatic;
				CURRENT_PROJECT_VERSION = 1;
				DEVELOPMENT_ASSET_PATHS = "\"RepCounter/Preview Content\"";
				DEVELOPMENT_TEAM = LC7T6T22MQ;
				ENABLE_PREVIEWS = YES;
				GENERATE_INFOPLIST_FILE = YES;
				INFOPLIST_KEY_UIApplicationSceneManifest_Generation = YES;
				INFOPLIST_KEY_UIApplicationSupportsIndirectInputEvents = YES;
				INFOPLIST_KEY_UILaunchScreen_Generation = YES;
				INFOPLIST_KEY_UISupportedInterfaceOrientations_iPad = "UIInterfaceOrientationPortrait UIInterfaceOrientationPortraitUpsideDown UIInterfaceOrientationLandscapeLeft UIInterfaceOrientationLandscapeRight";
				INFOPLIST_KEY_UISupportedInterfaceOrientations_iPhone = "UIInterfaceOrientationPortrait UIInterfaceOrientationLandscapeLeft UIInterfaceOrientationLandscapeRight";
				LD_RUNPATH_SEARCH_PATHS = (
					"$(inherited)",
					"@executable_path/Frameworks",
				);
				MARKETING_VERSION = 1.0;
				PRODUCT_BUNDLE_IDENTIFIER = com.daniel.RepCounter;
				PRODUCT_NAME = "$(TARGET_NAME)";
				SWIFT_EMIT_LOC_STRINGS = YES;
				SWIFT_VERSION = 5.0;
				TARGETED_DEVICE_FAMILY = "1,2";
			};
			name = Release;
		};
		9300DA012BF694160077D6F1 /* Debug */ = {
			isa = XCBuildConfiguration;
			buildSettings = {
				ALWAYS_EMBED_SWIFT_STANDARD_LIBRARIES = YES;
				BUNDLE_LOADER = "$(TEST_HOST)";
				CODE_SIGN_STYLE = Automatic;
				CURRENT_PROJECT_VERSION = 1;
				DEVELOPMENT_TEAM = LC7T6T22MQ;
				GENERATE_INFOPLIST_FILE = YES;
				IPHONEOS_DEPLOYMENT_TARGET = 17.5;
				MARKETING_VERSION = 1.0;
				PRODUCT_BUNDLE_IDENTIFIER = com.daniel.RepCounterTests;
				PRODUCT_NAME = "$(TARGET_NAME)";
				SWIFT_EMIT_LOC_STRINGS = NO;
				SWIFT_VERSION = 5.0;
				TARGETED_DEVICE_FAMILY = "1,2";
				TEST_HOST = "$(BUILT_PRODUCTS_DIR)/RepCounter.app/$(BUNDLE_EXECUTABLE_FOLDER_PATH)/RepCounter";
			};
			name = Debug;
		};
		9300DA022BF694160077D6F1 /* Release */ = {
			isa = XCBuildConfiguration;
			buildSettings = {
				ALWAYS_EMBED_SWIFT_STANDARD_LIBRARIES = YES;
				BUNDLE_LOADER = "$(TEST_HOST)";
				CODE_SIGN_STYLE = Automatic;
				CURRENT_PROJECT_VERSION = 1;
				DEVELOPMENT_TEAM = LC7T6T22MQ;
				GENERATE_INFOPLIST_FILE = YES;
				IPHONEOS_DEPLOYMENT_TARGET = 17.5;
				MARKETING_VERSION = 1.0;
				PRODUCT_BUNDLE_IDENTIFIER = com.daniel.RepCounterTests;
				PRODUCT_NAME = "$(TARGET_NAME)";
				SWIFT_EMIT_LOC_STRINGS = NO;
				SWIFT_VERSION = 5.0;
				TARGETED_DEVICE_FAMILY = "1,2";
				TEST_HOST = "$(BUILT_PRODUCTS_DIR)/RepCounter.app/$(BUNDLE_EXECUTABLE_FOLDER_PATH)/RepCounter";
			};
			name = Release;
		};
		9300DA042BF694160077D6F1 /* Debug */ = {
			isa = XCBuildConfiguration;
			buildSettings = {
				ALWAYS_EMBED_SWIFT_STANDARD_LIBRARIES = YES;
				CODE_SIGN_STYLE = Automatic;
				CURRENT_PROJECT_VERSION = 1;
				DEVELOPMENT_TEAM = LC7T6T22MQ;
				GENERATE_INFOPLIST_FILE = YES;
				MARKETING_VERSION = 1.0;
				PRODUCT_BUNDLE_IDENTIFIER = com.daniel.RepCounterUITests;
				PRODUCT_NAME = "$(TARGET_NAME)";
				SWIFT_EMIT_LOC_STRINGS = NO;
				SWIFT_VERSION = 5.0;
				TARGETED_DEVICE_FAMILY = "1,2";
				TEST_TARGET_NAME = RepCounter;
			};
			name = Debug;
		};
		9300DA052BF694160077D6F1 /* Release */ = {
			isa = XCBuildConfiguration;
			buildSettings = {
				ALWAYS_EMBED_SWIFT_STANDARD_LIBRARIES = YES;
				CODE_SIGN_STYLE = Automatic;
				CURRENT_PROJECT_VERSION = 1;
				DEVELOPMENT_TEAM = LC7T6T22MQ;
				GENERATE_INFOPLIST_FILE = YES;
				MARKETING_VERSION = 1.0;
				PRODUCT_BUNDLE_IDENTIFIER = com.daniel.RepCounterUITests;
				PRODUCT_NAME = "$(TARGET_NAME)";
				SWIFT_EMIT_LOC_STRINGS = NO;
				SWIFT_VERSION = 5.0;
				TARGETED_DEVICE_FAMILY = "1,2";
				TEST_TARGET_NAME = RepCounter;
			};
			name = Release;
		};
/* End XCBuildConfiguration section */

/* Begin XCConfigurationList section */
		9300D9D42BF694150077D6F1 /* Build configuration list for PBXProject "RepCounter" */ = {
			isa = XCConfigurationList;
			buildConfigurations = (
				9300D9FB2BF694160077D6F1 /* Debug */,
				9300D9FC2BF694160077D6F1 /* Release */,
			);
			defaultConfigurationIsVisible = 0;
			defaultConfigurationName = Release;
		};
		9300D9FD2BF694160077D6F1 /* Build configuration list for PBXNativeTarget "RepCounter" */ = {
			isa = XCConfigurationList;
			buildConfigurations = (
				9300D9FE2BF694160077D6F1 /* Debug */,
				9300D9FF2BF694160077D6F1 /* Release */,
			);
			defaultConfigurationIsVisible = 0;
			defaultConfigurationName = Release;
		};
		9300DA002BF694160077D6F1 /* Build configuration list for PBXNativeTarget "RepCounterTests" */ = {
			isa = XCConfigurationList;
			buildConfigurations = (
				9300DA012BF694160077D6F1 /* Debug */,
				9300DA022BF694160077D6F1 /* Release */,
			);
			defaultConfigurationIsVisible = 0;
			defaultConfigurationName = Release;
		};
		9300DA032BF694160077D6F1 /* Build configuration list for PBXNativeTarget "RepCounterUITests" */ = {
			isa = XCConfigurationList;
			buildConfigurations = (
				9300DA042BF694160077D6F1 /* Debug */,
				9300DA052BF694160077D6F1 /* Release */,
			);
			defaultConfigurationIsVisible = 0;
			defaultConfigurationName = Release;
		};
/* End XCConfigurationList section */
	};
	rootObject = 9300D9D12BF694150077D6F1 /* Project object */;
}
